
Microsoft Visual Studio Solution File, Format Version 12.00
# Visual Studio 15
VisualStudioVersion = 15.0.28010.2026
MinimumVisualStudioVersion = 10.0.40219.1
Project("{FAE04EC0-301F-11D3-BF4B-00C04F79EFBC}") = "FluenAPIExample", "FluenAPIExample\FluenAPIExample.csproj", "{5238F954-241A-4540-A14D-BE6772E78683}"
EndProject
Global
	GlobalSection(SolutionConfigurationPlatforms) = preSolution
		Debug|Any CPU = Debug|Any CPU
		Release|Any CPU = Release|Any CPU
	EndGlobalSection
	GlobalSection(ProjectConfigurationPlatforms) = postSolution
		{5238F954-241A-4540-A14D-BE6772E78683}.Debug|Any CPU.ActiveCfg = Debug|Any CPU
		{5238F954-241A-4540-A14D-BE6772E78683}.Debug|Any CPU.Build.0 = Debug|Any CPU
		{5238F954-241A-4540-A14D-BE6772E78683}.Release|Any CPU.ActiveCfg = Release|Any CPU
		{5238F954-241A-4540-A14D-BE6772E78683}.Release|Any CPU.Build.0 = Release|Any CPU
	EndGlobalSection
	GlobalSection(SolutionProperties) = preSolution
		HideSolutionNode = FALSE
	EndGlobalSection
	GlobalSection(ExtensibilityGlobals) = postSolution
		SolutionGuid = {99D3CB30-2E7D-4A73-B81B-04C8C20ECAB9}
	EndGlobalSection
EndGlobal
